github.com/aws/aws-sdk-go-v2 v1.43.0 h1:fharf/WhbRAVZ1du0QL7roNFxZ6T/sWr+4Ni617bwSI=
github.com/aws/aws-sdk-go-v2 v1.43.0/go.mod h1:5pKeft2eJj+gElQ38Jqg4ibCqh+/AK33/0X3hip7IjM=
github.com/aws/aws-sdk-go-v2/config v1.32.31 h1:n4nY9O3QKoHIkL85EX+V8RcMFtOhlpTFhGArg915PXk=
github.com/aws/aws-sdk-go-v2/config v1.32.31/go.mod h1:PN0NYDCCoOpGGsZ2+elDUidmHfQBPyYzN2GCgl8HEBs=
github.com/aws/aws-sdk-go-v2/credentials v1.19.30 h1:TTCvvzFU6gXa4iJecNG/0F/B0oYTiazoRECr2XyLHrY=
github.com/aws/aws-sdk-go-v2/credentials v1.19.30/go.mod h1:jKxAp2AEncnliinzpgOSZDFv6+VjvWhjw/AtbfsWT9U=
github.com/aws/aws-sdk-go-v2/feature/ec2/imds v1.18.31 h1:kfVL5wAunCJycL6MOQ6aNh6PlAYEymflcjuKmrWUA0o=
github.com/aws/aws-sdk-go-v2/feature/ec2/imds v1.18.31/go.mod h1:nWfRNDAppujCQgOUd43lKT4yeLv9z3nJ3bw1G3BgQKo=
github.com/aws/aws-sdk-go-v2/internal/configsources v1.4.31 h1:Z8F3hfCY33IGpJjFAnv0wvtv1FIKj1GHmRDEYqy64tw=
github.com/aws/aws-sdk-go-v2/internal/configsources v1.4.31/go.mod h1:aVyUoytEyOViR6jhq6jula0xkc5NfBE2hgeF6BvOrao=
github.com/aws/aws-sdk-go-v2/internal/endpoints/v2 v2.7.31 h1:hyOxUyXdh3AyjE93gBgsfziJag9ACwcs+ZpDBLzi8mw=
github.com/aws/aws-sdk-go-v2/internal/endpoints/v2 v2.7.31/go.mod h1:OERqI9k0draSLB8O8woxY3q25ZWTELRK4RRoLMuMZFo=
github.com/aws/aws-sdk-go-v2/internal/v4a v1.4.32 h1:0MrUL35H/Y4kdFfItoR5jCgtDQ4Z/8LudAoIHRfA4hE=
github.com/aws/aws-sdk-go-v2/internal/v4a v1.4.32/go.mod h1:2tNZkuWz54arj8mHVf+8Y7cKkcD8Wr/fBpENgEXpjLc=
github.com/aws/aws-sdk-go-v2/service/internal/accept-encoding v1.13.13 h1:mbRIur/BiHK6SKPjoBIXSE/hJ6g6JGRLuxQy1jGjlN4=
github.com/aws/aws-sdk-go-v2/service/internal/accept-encoding v1.13.13/go.mod h1:ITg9em2KbJx1s0y4aqRX5OYWG6HBZ5TVR//OdpEZ2CQ=
github.com/aws/aws-sdk-go-v2/service/internal/presigned-url v1.13.31 h1:w2SIhW92DZPFrSL4ksVCr8IYff5OZwIcxg8+95tzvAI=
github.com/aws/aws-sdk-go-v2/service/internal/presigned-url v1.13.31/go.mod h1:wAhpCQbkov+IcvjozJbd2xRCoZybUEHNkcFunssNACg=
github.com/aws/aws-sdk-go-v2/service/pricing v1.44.0 h1:CkEd6JSxeXb31WnWlJxyc8kQGmFjgJUO79lX2Q6kuFY=
github.com/aws/aws-sdk-go-v2/service/pricing v1.44.0/go.mod h1:5msyjVwL1DH7EbCFmZdq+tc7AaMh2FpY8JcoIL56vQc=
github.com/aws/aws-sdk-go-v2/service/signin v1.5.0 h1:OHH5iTQvVGmfHjX/5Q+vFuA/Rf2x6/95aJ/75QCQSm4=
github.com/aws/aws-sdk-go-v2/service/signin v1.5.0/go.mod h1:mCF3AK9PpL49oOrhniUXWAfhVBVQ/XbytoE5eccZUIs=
github.com/aws/aws-sdk-go-v2/service/sso v1.33.0 h1:CaJyYhxBE0M/HJX/YvSaSmQlsI91VHB0lKU8LtLxL3A=
github.com/aws/aws-sdk-go-v2/service/sso v1.33.0/go.mod h1:+e6BMRMPjBQoCw/WovYR9GLy2IU0z4Q77smOB1DraSg=
github.com/aws/aws-sdk-go-v2/service/ssooidc v1.38.0 h1:tC323YV77QdafeBr6LUhLDTsboyuyHLNRwAyCP44kGU=
github.com/aws/aws-sdk-go-v2/service/ssooidc v1.38.0/go.mod h1:SfLK1sgviHmbI+MozR9iDwDjL4cdCVZtahsjoR+z7wg=
github.com/aws/aws-sdk-go-v2/service/sts v1.45.0 h1:Pd6PNlp4t8PTXxqzstICl52Wsy78vpjFZ7PRUj44mJc=
github.com/aws/aws-sdk-go-v2/service/sts v1.45.0/go.mod h1:rmQ0TnHzuLPmabgjPcsywhsSOmaBDgzR4zvDxSPsGdg=
github.com/aws/smithy-go v1.27.3 h1:F3Zb497UhhskkfpJmfkXswyo+t0sh9OTBnIHjogWbVY=
github.com/aws/smithy-go v1.27.3/go.mod h1:YE2RhdIuDbA5E5bTdciG9KrW3+TiEONeUWCqxX9i1Fc=
github.com/cpuguy83/go-md2man/v2 v2.0.6/go.mod h1:oOW0eioCTA6cOiMLiUPZOpcVxMig6NIQQ7OS05n1F4g=
github.com/davecgh/go-spew v1.1.1 h1:vj9j/u1bqnvCEfJOwUhtlOARqs3+rkHYY13jYWTU97c=
github.com/davecgh/go-spew v1.1.1/go.mod h1:J7Y8YcW2NihsgmVo/mv3lAwl/skON4iLHjSsI+c5H38=
github.com/inconshreveable/mousetrap v1.1.0 h1:wN+x4NVGpMsO7ErUn/mUI3vEoE6Jt13X2s0bqwp9tc8=
github.com/inconshreveable/mousetrap v1.1.0/go.mod h1:vpF70FUmC8bwa3OWnCshd2FqLfsEA9PFc4w1p2J65bw=
github.com/mattn/go-runewidth v0.0.9 h1:Lm995f3rfxdpd6TSmuVCHVb/QhupuXlYr8sCI/QdE+0=
github.com/mattn/go-runewidth v0.0.9/go.mod h1:H031xJmbD/WCDINGzjvQ9THkh0rPKHF+m2gUSrubnMI=
github.com/olekukonko/tablewriter v0.0.5 h1:P2Ga83D34wi1o9J6Wh1mRuqd4mF/x/lgBS7N7AbDhec=
github.com/olekukonko/tablewriter v0.0.5/go.mod h1:hPp6KlRPjbx+hW8ykQs1w3UBbZlj6HuIJcUGPhkA7kY=
github.com/pmezard/go-difflib v1.0.0 h1:4DBwDE0NGyQoBHbLQYPwSUPoCMWR5BEzIk/f1lZbAQM=
github.com/pmezard/go-difflib v1.0.0/go.mod h1:iKH77koFhYxTK1pcRnkKkqfTogsbg7gZNVY4sRDYZ/4=
github.com/russross/blackfriday/v2 v2.1.0/go.mod h1:+Rmxgy9KzJVeS9/2gXHxylqXiyQDYRxCVz55jmeOWTM=
github.com/spf13/cobra v1.10.2 h1:DMTTonx5m65Ic0GOoRY2c16WCbHxOOw6xxezuLaBpcU=
github.com/spf13/cobra v1.10.2/go.mod h1:7C1pvHqHw5A4vrJfjNwvOdzYu0Gml16OCs2GRiTUUS4=
github.com/spf13/pflag v1.0.9/go.mod h1:McXfInJRrz4CZXVZOBLb0bTZqETkiAhM9Iw0y3An2Bg=
github.com/spf13/pflag v1.0.10 h1:4EBh2KAYBwaONj6b2Ye1GiHfwjqyROoF4RwYO+vPwFk=
github.com/spf13/pflag v1.0.10/go.mod h1:McXfInJRrz4CZXVZOBLb0bTZqETkiAhM9Iw0y3An2Bg=
github.com/stretchr/testify v1.11.1 h1:7s2iGBzp5EwR7/aIZr8ao5+dra3wiQyKjjFuvgVKu7U=
github.com/stretchr/testify v1.11.1/go.mod h1:wZwfW3scLgRK+23gO65QZefKpKQRnfz6sD981Nm4B6U=
github.com/tencentcloud/tencentcloud-sdk-go/tencentcloud/cbs v1.0.1000 h1:I0T7Bas57shI0jmXBxlOMvyO/wJyf9Ro5XBZtZaFRmk=
github.com/tencentcloud/tencentcloud-sdk-go/tencentcloud/cbs v1.0.1000/go.mod h1:FyIHDImMLvEP0bXBbhLTVq/srmAwaQ8tbw3lojkv/Hk=
github.com/tencentcloud/tencentcloud-sdk-go/tencentcloud/cdb v1.0.1000 h1:v1E+1q2jzlqM3bVmVSqDyS2AZOu2Thy15PZ7KDuJ4mU=
github.com/tencentcloud/tencentcloud-sdk-go/tencentcloud/cdb v1.0.1000/go.mod h1:MOyE68XtIkOY8o7ptUhU5MDQHYVifFoeer0L3Kn6Fdc=
github.com/tencentcloud/tencentcloud-sdk-go/tencentcloud/clb v1.0.1000 h1:6pXM8HU6IjtzqOOa8G2EktLX3uFzGzI2lP3474ItlFc=
github.com/tencentcloud/tencentcloud-sdk-go/tencentcloud/clb v1.0.1000/go.mod h1:ykpVXvPLOEMA8SG0tnqBNhFUa6tmRLD/CCTvJOZe7a0=
github.com/tencentcloud/tencentcloud-sdk-go/tencentcloud/cloudhsm v1.0.1000 h1:VzXLvma+okbWj7fLiCeO1exp9I+TmiWLSF0YgvCt46w=
github.com/tencentcloud/tencentcloud-sdk-go/tencentcloud/cloudhsm v1.0.1000/go.mod h1:KUah9l3DhhLF+Y5+My1Q0lS4YccBJefDBA+b5iHh8mI=
github.com/tencentcloud/tencentcloud-sdk-go/tencentcloud/common v1.0.1000 h1:memm+9SnJiKPib9gUzYa6NL4nHPDhKtX3rRhpXtIgvY=
github.com/tencentcloud/tencentcloud-sdk-go/tencentcloud/common v1.0.1000/go.mod h1:r5r4xbfxSaeR04b166HGsBa/R4U3SueirEUpXGuw+Q0=
github.com/tencentcloud/tencentcloud-sdk-go/tencentcloud/cvm v1.0.1000 h1:cfY4iZD9mqBpwk26v/m9sxwIiNHUAliVPNTTpMGiyYY=
github.com/tencentcloud/tencentcloud-sdk-go/tencentcloud/cvm v1.0.1000/go.mod h1:xBlIGtLzIbT8a6/GIQj5i9r8EyLUzONN2w9+mFlNNGc=
github.com/tencentcloud/tencentcloud-sdk-go/tencentcloud/cynosdb v1.0.1000 h1:IEsxD2mWj0vfINi/QtcJck23vidYlCMwGbsgRtQUBK8=
github.com/tencentcloud/tencentcloud-sdk-go/tencentcloud/cynosdb v1.0.1000/go.mod h1:iuqSLd8577zevuqC3CGobhFYyQ0RkFPl+0jpFdciEFU=
github.com/tencentcloud/tencentcloud-sdk-go/tencentcloud/dcdb v1.0.1000 h1:0Yoj56RCkJ4mhjBfDdP0cxDJjvSL7difIYVzeEVXtSg=
github.com/tencentcloud/tencentcloud-sdk-go/tencentcloud/dcdb v1.0.1000/go.mod h1:mNnbTFCkkXBY355bNJuioeqhYP9xDXI+kg+6UOnUusg=
github.com/tencentcloud/tencentcloud-sdk-go/tencentcloud/domain v1.0.1000 h1:FOLg9QJEN+rXUsXfKjIeYCX4XEcOLtS56LKXxjvcCFU=
github.com/tencentcloud/tencentcloud-sdk-go/tencentcloud/domain v1.0.1000/go.mod h1:ryozdbWTakKzpXqGwYY1++dQh3lG/VDQqenHb7vw7bw=
github.com/tencentcloud/tencentcloud-sdk-go/tencentcloud/ecm v1.0.1000 h1:OaqP0Ma7HcwaYoOfqUH8ZXFAALn4DtadyKvqMS9bwYA=
github.com/tencentcloud/tencentcloud-sdk-go/tencentcloud/ecm v1.0.1000/go.mod h1:zhll+PhP0HRtSsrS4uMRai5p4E8a1LKuivrM5v2NGyM=
github.com/tencentcloud/tencentcloud-sdk-go/tencentcloud/gaap v1.0.1000 h1:NYJkHWCjCFXD2m9fcdYbhoTRQSj0MSn2DXy1/onMG2A=
github.com/tencentcloud/tencentcloud-sdk-go/tencentcloud/gaap v1.0.1000/go.mod h1:+PmdpEOy59FxeVVkhTMc+fCw5KcOiGlPb4AEg5ZlSY4=
github.com/tencentcloud/tencentcloud-sdk-go/tencentcloud/lighthouse v1.0.1000 h1:4ZN80XeTAD1+2OF9ddWLF1qzcVvDEh+aM74k2Ab0lWk=
github.com/tencentcloud/tencentcloud-sdk-go/tencentcloud/lighthouse v1.0.1000/go.mod h1:0iKz50BbLJMhN2ceYDlZE2yyu1uk7gn/p2O065cidu8=
github.com/tencentcloud/tencentcloud-sdk-go/tencentcloud/mariadb v1.0.1000 h1:4T3hv6nG9nzNKEOt7+u2RtTcKzYe+qCRCf1xfTIkfaM=
github.com/tencentcloud/tencentcloud-sdk-go/tencentcloud/mariadb v1.0.1000/go.mod h1:SNSUziicnIid2/sTNHPcShbj3Wgi2bLvrPMozmJw7aQ=
github.com/tencentcloud/tencentcloud-sdk-go/tencentcloud/mongodb v1.0.1000 h1:3WQf3enEPsLsXA0keaFE23jSZPBN8g8Qo8w2HUEcg9U=
github.com/tencentcloud/tencentcloud-sdk-go/tencentcloud/mongodb v1.0.1000/go.mod h1:/BU9eTS8Jyl9g60O0J24yyGZu5cX8BhxX44K0IG26IQ=
github.com/tencentcloud/tencentcloud-sdk-go/tencentcloud/postgres v1.0.1000 h1:oknD9cizcYcCk06RmvjV9vNXwEPtNjKHCJDJJ/1NB/c=
github.com/tencentcloud/tencentcloud-sdk-go/tencentcloud/postgres v1.0.1000/go.mod h1:/PRCHnQi6KfAqVxwUJ2vxbJdKVK7i3XojyWoQ6n4O5w=
github.com/tencentcloud/tencentcloud-sdk-go/tencentcloud/redis v1.0.1000 h1:SW34jig642KdQ4GWsJyvKsaUcqu+dqM1InnO1AfP9Hc=
github.com/tencentcloud/tencentcloud-sdk-go/tencentcloud/redis v1.0.1000/go.mod h1:rUxU64mJMsCJo1ifrPyphnkeKVT9jNEQ/nJ5Mst3OkQ=
github.com/tencentcloud/tencentcloud-sdk-go/tencentcloud/sqlserver v1.0.1000 h1:TGDska9AsnvnVYT0MeII/nIxm2LaA96UCLwxx6SrG8E=
github.com/tencentcloud/tencentcloud-sdk-go/tencentcloud/sqlserver v1.0.1000/go.mod h1:4BWe2HTN0wg62rFCE8vQ6jwF2ulo6/Xm5Rba5JX9ZzQ=
github.com/tencentcloud/tencentcloud-sdk-go/tencentcloud/vpc v1.0.1000 h1:MjicmpQyTtla1zz1p6trmDlOAvhkon0q73T1RuFmFCk=
github.com/tencentcloud/tencentcloud-sdk-go/tencentcloud/vpc v1.0.1000/go.mod h1:j+LsIPi7iEyjs2bxvCWRXWgIzuCHRuFnbnwMyrpLXxY=
github.com/tencentcloud/tencentcloud-sdk-go/tencentcloud/yunjing v1.0.1000 h1:fqhp6Qqb8cx4ahxPsXv8+FBUZVFVd8VYhFsGdVh5nWU=
github.com/tencentcloud/tencentcloud-sdk-go/tencentcloud/yunjing v1.0.1000/go.mod h1:P+AQXi9iDN1RX2WdaZy6j/n+ICtXu6jgYqHCwhXFo+8=
go.etcd.io/bbolt v1.5.0 h1:S7GAl7Fxv12yohbwFfIbQCGDWbQbtDGPET4P/bD4lxU=
go.etcd.io/bbolt v1.5.0/go.mod h1:mkltfYE5aUHQxUct9N9V+Kp7aSjFqjgrhcXIS70Lrdk=
go.yaml.in/yaml/v3 v3.0.4/go.mod h1:DhzuOOF2ATzADvBadXxruRBLzYTpT36CKvDb3+aBEFg=
golang.org/x/sync v0.20.0 h1:e0PTpb7pjO8GAtTs2dQ6jYa5BWYlMuX047Dco/pItO4=
golang.org/x/sync v0.20.0/go.mod h1:9xrNwdLfx4jkKbNva9FpL6vEN7evnE43NNNJQ2LF3+0=
golang.org/x/sys v0.45.0 h1:dO4czNzziLiiXplLQgBCEpCvXQ3dnkn0SdaZSYdQ+FY=
golang.org/x/sys v0.45.0/go.mod h1:4GL1E5IUh+htKOUEOaiffhrAeqysfVGipDYzABqnCmw=
gopkg.in/check.v1 v0.0.0-20161208181325-20d25e280405 h1:yhCVgyC4o1eVCa2tZl7eS0r+SDo693bJlVdllGtEeKM=
gopkg.in/check.v1 v0.0.0-20161208181325-20d25e280405/go.mod h1:Co6ibVJAznAaIkqp8huTwlJQCZ016jof/cbN4VW5Yz0=
gopkg.in/yaml.v3 v3.0.1 h1:fxVm/GzAzEWqLHuvctI91KS9hhNmmWOoWu0XTYJS7CA=
gopkg.in/yaml.v3 v3.0.1/go.mod h1:K4uyk7z7BCEPqu6E+C64Yfv1cQ7kz7rIZviUmN+EgEM=
