github.com/cpuguy83/go-md2man/v2 v2.0.6/go.mod h1:oOW0eioCTA6cOiMLiUPZOpcVxMig6NIQQ7OS05n1F4g=
github.com/davecgh/go-spew v1.1.1 h1:vj9j/u1bqnvCEfJOwUhtlOARqs3+rkHYY13jYWTU97c=
github.com/davecgh/go-spew v1.1.1/go.mod h1:J7Y8YcW2NihsgmVo/mv3lAwl/skON4iLHjSsI+c5H38=
github.com/inconshreveable/mousetrap v1.1.0 h1:wN+x4NVGpMsO7ErUn/mUI3vEoE6Jt13X2s0bqwp9tc8=
github.com/inconshreveable/mousetrap v1.1.0/go.mod h1:vpF70FUmC8bwa3OWnCshd2FqLfsEA9PFc4w1p2J65bw=
github.com/mattn/go-runewidth v0.0.9 h1:Lm995f3rfxdpd6TSmuVCHVb/QhupuXlYr8sCI/QdE+0=
github.com/mattn/go-runewidth v0.0.9/go.mod h1:H031xJmbD/WCDINGzjvQ9THkh0rPKHF+m2gUSrubnMI=
github.com/olekukonko/tablewriter v0.0.5 h1:P2Ga83D34wi1o9J6Wh1mRuqd4mF/x/lgBS7N7AbDhec=
github.com/olekukonko/tablewriter v0.0.5/go.mod h1:hPp6KlRPjbx+hW8ykQs1w3UBbZlj6HuIJcUGPhkA7kY=
github.com/pmezard/go-difflib v1.0.0 h1:4DBwDE0NGyQoBHbLQYPwSUPoCMWR5BEzIk/f1lZbAQM=
github.com/pmezard/go-difflib v1.0.0/go.mod h1:iKH77koFhYxTK1pcRnkKkqfTogsbg7gZNVY4sRDYZ/4=
github.com/russross/blackfriday/v2 v2.1.0/go.mod h1:+Rmxgy9KzJVeS9/2gXHxylqXiyQDYRxCVz55jmeOWTM=
github.com/spf13/cobra v1.10.2 h1:DMTTonx5m65Ic0GOoRY2c16WCbHxOOw6xxezuLaBpcU=
github.com/spf13/cobra v1.10.2/go.mod h1:7C1pvHqHw5A4vrJfjNwvOdzYu0Gml16OCs2GRiTUUS4=
github.com/spf13/pflag v1.0.9/go.mod h1:McXfInJRrz4CZXVZOBLb0bTZqETkiAhM9Iw0y3An2Bg=
github.com/spf13/pflag v1.0.10 h1:4EBh2KAYBwaONj6b2Ye1GiHfwjqyROoF4RwYO+vPwFk=
github.com/spf13/pflag v1.0.10/go.mod h1:McXfInJRrz4CZXVZOBLb0bTZqETkiAhM9Iw0y3An2Bg=
github.com/stretchr/testify v1.11.1 h1:7s2iGBzp5EwR7/aIZr8ao5+dra3wiQyKjjFuvgVKu7U=
github.com/stretchr/testify v1.11.1/go.mod h1:wZwfW3scLgRK+23gO65QZefKpKQRnfz6sD981Nm4B6U=
github.com/tencentcloud/tencentcloud-sdk-go/tencentcloud/cbs v1.0.1000 h1:I0T7Bas57shI0jmXBxlOMvyO/wJyf9Ro5XBZtZaFRmk=
github.com/tencentcloud/tencentcloud-sdk-go/tencentcloud/cbs v1.0.1000/go.mod h1:FyIHDImMLvEP0bXBbhLTVq/srmAwaQ8tbw3lojkv/Hk=
github.com/tencentcloud/tencentcloud-sdk-go/tencentcloud/cdb v1.0.1000 h1:v1E+1q2jzlqM3bVmVSqDyS2AZOu2Thy15PZ7KDuJ4mU=
github.com/tencentcloud/tencentcloud-sdk-go/tencentcloud/cdb v1.0.1000/go.mod h1:MOyE68XtIkOY8o7ptUhU5MDQHYVifFoeer0L3Kn6Fdc=
github.com/tencentcloud/tencentcloud-sdk-go/tencentcloud/clb v1.0.1000 h1:6pXM8HU6IjtzqOOa8G2EktLX3uFzGzI2lP3474ItlFc=
github.com/tencentcloud/tencentcloud-sdk-go/tencentcloud/clb v1.0.1000/go.mod h1:ykpVXvPLOEMA8SG0tnqBNhFUa6tmRLD/CCTvJOZe7a0=
github.com/tencentcloud/tencentcloud-sdk-go/tencentcloud/common v1.0.1000 h1:memm+9SnJiKPib9gUzYa6NL4nHPDhKtX3rRhpXtIgvY=
github.com/tencentcloud/tencentcloud-sdk-go/tencentcloud/common v1.0.1000/go.mod h1:r5r4xbfxSaeR04b166HGsBa/R4U3SueirEUpXGuw+Q0=
github.com/tencentcloud/tencentcloud-sdk-go/tencentcloud/cvm v1.0.1000 h1:cfY4iZD9mqBpwk26v/m9sxwIiNHUAliVPNTTpMGiyYY=
github.com/tencentcloud/tencentcloud-sdk-go/tencentcloud/cvm v1.0.1000/go.mod h1:xBlIGtLzIbT8a6/GIQj5i9r8EyLUzONN2w9+mFlNNGc=
github.com/tencentcloud/tencentcloud-sdk-go/tencentcloud/cynosdb v1.0.1000 h1:IEsxD2mWj0vfINi/QtcJck23vidYlCMwGbsgRtQUBK8=
github.com/tencentcloud/tencentcloud-sdk-go/tencentcloud/cynosdb v1.0.1000/go.mod h1:iuqSLd8577zevuqC3CGobhFYyQ0RkFPl+0jpFdciEFU=
github.com/tencentcloud/tencentcloud-sdk-go/tencentcloud/dcdb v1.0.1000 h1:0Yoj56RCkJ4mhjBfDdP0cxDJjvSL7difIYVzeEVXtSg=
github.com/tencentcloud/tencentcloud-sdk-go/tencentcloud/dcdb v1.0.1000/go.mod h1:mNnbTFCkkXBY355bNJuioeqhYP9xDXI+kg+6UOnUusg=
github.com/tencentcloud/tencentcloud-sdk-go/tencentcloud/ecm v1.0.1000 h1:OaqP0Ma7HcwaYoOfqUH8ZXFAALn4DtadyKvqMS9bwYA=
github.com/tencentcloud/tencentcloud-sdk-go/tencentcloud/ecm v1.0.1000/go.mod h1:zhll+PhP0HRtSsrS4uMRai5p4E8a1LKuivrM5v2NGyM=
github.com/tencentcloud/tencentcloud-sdk-go/tencentcloud/gaap v1.0.1000 h1:NYJkHWCjCFXD2m9fcdYbhoTRQSj0MSn2DXy1/onMG2A=
github.com/tencentcloud/tencentcloud-sdk-go/tencentcloud/gaap v1.0.1000/go.mod h1:+PmdpEOy59FxeVVkhTMc+fCw5KcOiGlPb4AEg5ZlSY4=
github.com/tencentcloud/tencentcloud-sdk-go/tencentcloud/lighthouse v1.0.1000 h1:4ZN80XeTAD1+2OF9ddWLF1qzcVvDEh+aM74k2Ab0lWk=
github.com/tencentcloud/tencentcloud-sdk-go/tencentcloud/lighthouse v1.0.1000/go.mod h1:0iKz50BbLJMhN2ceYDlZE2yyu1uk7gn/p2O065cidu8=
github.com/tencentcloud/tencentcloud-sdk-go/tencentcloud/mariadb v1.0.1000 h1:4T3hv6nG9nzNKEOt7+u2RtTcKzYe+qCRCf1xfTIkfaM=
github.com/tencentcloud/tencentcloud-sdk-go/tencentcloud/mariadb v1.0.1000/go.mod h1:SNSUziicnIid2/sTNHPcShbj3Wgi2bLvrPMozmJw7aQ=
github.com/tencentcloud/tencentcloud-sdk-go/tencentcloud/mongodb v1.0.1000 h1:3WQf3enEPsLsXA0keaFE23jSZPBN8g8Qo8w2HUEcg9U=
github.com/tencentcloud/tencentcloud-sdk-go/tencentcloud/mongodb v1.0.1000/go.mod h1:/BU9eTS8Jyl9g60O0J24yyGZu5cX8BhxX44K0IG26IQ=
github.com/tencentcloud/tencentcloud-sdk-go/tencentcloud/postgres v1.0.1000 h1:oknD9cizcYcCk06RmvjV9vNXwEPtNjKHCJDJJ/1NB/c=
github.com/tencentcloud/tencentcloud-sdk-go/tencentcloud/postgres v1.0.1000/go.mod h1:/PRCHnQi6KfAqVxwUJ2vxbJdKVK7i3XojyWoQ6n4O5w=
github.com/tencentcloud/tencentcloud-sdk-go/tencentcloud/redis v1.0.1000 h1:SW34jig642KdQ4GWsJyvKsaUcqu+dqM1InnO1AfP9Hc=
github.com/tencentcloud/tencentcloud-sdk-go/tencentcloud/redis v1.0.1000/go.mod h1:rUxU64mJMsCJo1ifrPyphnkeKVT9jNEQ/nJ5Mst3OkQ=
github.com/tencentcloud/tencentcloud-sdk-go/tencentcloud/sqlserver v1.0.1000 h1:TGDska9AsnvnVYT0MeII/nIxm2LaA96UCLwxx6SrG8E=
github.com/tencentcloud/tencentcloud-sdk-go/tencentcloud/sqlserver v1.0.1000/go.mod h1:4BWe2HTN0wg62rFCE8vQ6jwF2ulo6/Xm5Rba5JX9ZzQ=
github.com/tencentcloud/tencentcloud-sdk-go/tencentcloud/vpc v1.0.1000 h1:MjicmpQyTtla1zz1p6trmDlOAvhkon0q73T1RuFmFCk=
github.com/tencentcloud/tencentcloud-sdk-go/tencentcloud/vpc v1.0.1000/go.mod h1:j+LsIPi7iEyjs2bxvCWRXWgIzuCHRuFnbnwMyrpLXxY=
go.etcd.io/bbolt v1.5.0 h1:S7GAl7Fxv12yohbwFfIbQCGDWbQbtDGPET4P/bD4lxU=
go.etcd.io/bbolt v1.5.0/go.mod h1:mkltfYE5aUHQxUct9N9V+Kp7aSjFqjgrhcXIS70Lrdk=
go.yaml.in/yaml/v3 v3.0.4/go.mod h1:DhzuOOF2ATzADvBadXxruRBLzYTpT36CKvDb3+aBEFg=
golang.org/x/sync v0.20.0 h1:e0PTpb7pjO8GAtTs2dQ6jYa5BWYlMuX047Dco/pItO4=
golang.org/x/sync v0.20.0/go.mod h1:9xrNwdLfx4jkKbNva9FpL6vEN7evnE43NNNJQ2LF3+0=
golang.org/x/sys v0.45.0 h1:dO4czNzziLiiXplLQgBCEpCvXQ3dnkn0SdaZSYdQ+FY=
golang.org/x/sys v0.45.0/go.mod h1:4GL1E5IUh+htKOUEOaiffhrAeqysfVGipDYzABqnCmw=
gopkg.in/check.v1 v0.0.0-20161208181325-20d25e280405 h1:yhCVgyC4o1eVCa2tZl7eS0r+SDo693bJlVdllGtEeKM=
gopkg.in/check.v1 v0.0.0-20161208181325-20d25e280405/go.mod h1:Co6ibVJAznAaIkqp8huTwlJQCZ016jof/cbN4VW5Yz0=
gopkg.in/yaml.v3 v3.0.1 h1:fxVm/GzAzEWqLHuvctI91KS9hhNmmWOoWu0XTYJS7CA=
gopkg.in/yaml.v3 v3.0.1/go.mod h1:K4uyk7z7BCEPqu6E+C64Yfv1cQ7kz7rIZviUmN+EgEM=
